
Microsoft Visual Studio Solution File, Format Version 12.00
# Visual Studio Version 16
VisualStudioVersion = 16.0.31005.135
MinimumVisualStudioVersion = 10.0.40219.1
Project("{888888A0-9F3D-457C-B088-3A5042F75D52}") = "CookieCutterImageprocessor", "CookieCutterImageprocessor.pyproj", "{14AB9B91-6848-4582-BFDF-F8B0D1C6937A}"
EndProject
Global
	GlobalSection(SolutionConfigurationPlatforms) = preSolution
		Debug|Any CPU = Debug|Any CPU
		Release|Any CPU = Release|Any CPU
	EndGlobalSection
	GlobalSection(ProjectConfigurationPlatforms) = postSolution
		{14AB9B91-6848-4582-BFDF-F8B0D1C6937A}.Debug|Any CPU.ActiveCfg = Debug|Any CPU
		{14AB9B91-6848-4582-BFDF-F8B0D1C6937A}.Release|Any CPU.ActiveCfg = Release|Any CPU
	EndGlobalSection
	GlobalSection(SolutionProperties) = preSolution
		HideSolutionNode = FALSE
	EndGlobalSection
	GlobalSection(ExtensibilityGlobals) = postSolution
		SolutionGuid = {8D2DE17D-99F6-4C9D-A5E7-76C687C00721}
	EndGlobalSection
EndGlobal
